
Microsoft Visual Studio Solution File, Format Version 12.00
# Visual Studio Version 16
VisualStudioVersion = 16.0.30804.86
MinimumVisualStudioVersion = 10.0.40219.1
Project("{8BC9CEB8-8B4A-11D0-8D11-00A0C91BC942}") = "Palindrome", "Palindrome\Palindrome.vcxproj", "{6C45899F-8E1A-4EA4-BD40-F684642D2004}"
EndProject
Project("{8BC9CEB8-8B4A-11D0-8D11-00A0C91BC942}") = "Hangman", "Hangman\Hangman.vcxproj", "{D6A36748-AB9D-422D-B72C-9A1F7C6614F1}"
EndProject
Project("{8BC9CEB8-8B4A-11D0-8D11-00A0C91BC942}") = "Reduce", "Reduce\Reduce.vcxproj", "{3D6E7E36-8F2D-4454-A3DC-081C697F4420}"
EndProject
Project("{8BC9CEB8-8B4A-11D0-8D11-00A0C91BC942}") = "TempReduce", "TempReduce\TempReduce.vcxproj", "{C783064D-3B54-418C-9C06-13AF4048C832}"
EndProject
Project("{8BC9CEB8-8B4A-11D0-8D11-00A0C91BC942}") = "Queue", "Queue\Queue.vcxproj", "{B3966309-4028-4C9B-925E-92C921308071}"
EndProject
Project("{8BC9CEB8-8B4A-11D0-8D11-00A0C91BC942}") = "Lotto", "Lotto\Lotto.vcxproj", "{2DFB3474-2D08-40A6-B5FE-E3767D57F402}"
EndProject
Project("{8BC9CEB8-8B4A-11D0-8D11-00A0C91BC942}") = "Party", "Party\Party.vcxproj", "{08161236-9292-45BE-A234-02A7BE7ABEEA}"
EndProject
Project("{8BC9CEB8-8B4A-11D0-8D11-00A0C91BC942}") = "Sorting time", "Sorting time\Sorting time.vcxproj", "{396B0441-6444-4CC9-9C8E-C1068053D836}"
EndProject
Project("{8BC9CEB8-8B4A-11D0-8D11-00A0C91BC942}") = "Vect", "Vect\Vect.vcxproj", "{AAF24920-E55E-4B8A-9F93-8072C004771B}"
EndProject
Global
	GlobalSection(SolutionConfigurationPlatforms) = preSolution
		Debug|x64 = Debug|x64
		Debug|x86 = Debug|x86
		Release|x64 = Release|x64
		Release|x86 = Release|x86
	EndGlobalSection
	GlobalSection(ProjectConfigurationPlatforms) = postSolution
		{6C45899F-8E1A-4EA4-BD40-F684642D2004}.Debug|x64.ActiveCfg = Debug|x64
		{6C45899F-8E1A-4EA4-BD40-F684642D2004}.Debug|x64.Build.0 = Debug|x64
		{6C45899F-8E1A-4EA4-BD40-F684642D2004}.Debug|x86.ActiveCfg = Debug|Win32
		{6C45899F-8E1A-4EA4-BD40-F684642D2004}.Debug|x86.Build.0 = Debug|Win32
		{6C45899F-8E1A-4EA4-BD40-F684642D2004}.Release|x64.ActiveCfg = Release|x64
		{6C45899F-8E1A-4EA4-BD40-F684642D2004}.Release|x64.Build.0 = Release|x64
		{6C45899F-8E1A-4EA4-BD40-F684642D2004}.Release|x86.ActiveCfg = Release|Win32
		{6C45899F-8E1A-4EA4-BD40-F684642D2004}.Release|x86.Build.0 = Release|Win32
		{D6A36748-AB9D-422D-B72C-9A1F7C6614F1}.Debug|x64.ActiveCfg = Debug|x64
		{D6A36748-AB9D-422D-B72C-9A1F7C6614F1}.Debug|x64.Build.0 = Debug|x64
		{D6A36748-AB9D-422D-B72C-9A1F7C6614F1}.Debug|x86.ActiveCfg = Debug|Win32
		{D6A36748-AB9D-422D-B72C-9A1F7C6614F1}.Debug|x86.Build.0 = Debug|Win32
		{D6A36748-AB9D-422D-B72C-9A1F7C6614F1}.Release|x64.ActiveCfg = Release|x64
		{D6A36748-AB9D-422D-B72C-9A1F7C6614F1}.Release|x64.Build.0 = Release|x64
		{D6A36748-AB9D-422D-B72C-9A1F7C6614F1}.Release|x86.ActiveCfg = Release|Win32
		{D6A36748-AB9D-422D-B72C-9A1F7C6614F1}.Release|x86.Build.0 = Release|Win32
		{3D6E7E36-8F2D-4454-A3DC-081C697F4420}.Debug|x64.ActiveCfg = Debug|x64
		{3D6E7E36-8F2D-4454-A3DC-081C697F4420}.Debug|x64.Build.0 = Debug|x64
		{3D6E7E36-8F2D-4454-A3DC-081C697F4420}.Debug|x86.ActiveCfg = Debug|Win32
		{3D6E7E36-8F2D-4454-A3DC-081C697F4420}.Debug|x86.Build.0 = Debug|Win32
		{3D6E7E36-8F2D-4454-A3DC-081C697F4420}.Release|x64.ActiveCfg = Release|x64
		{3D6E7E36-8F2D-4454-A3DC-081C697F4420}.Release|x64.Build.0 = Release|x64
		{3D6E7E36-8F2D-4454-A3DC-081C697F4420}.Release|x86.ActiveCfg = Release|Win32
		{3D6E7E36-8F2D-4454-A3DC-081C697F4420}.Release|x86.Build.0 = Release|Win32
		{C783064D-3B54-418C-9C06-13AF4048C832}.Debug|x64.ActiveCfg = Debug|x64
		{C783064D-3B54-418C-9C06-13AF4048C832}.Debug|x64.Build.0 = Debug|x64
		{C783064D-3B54-418C-9C06-13AF4048C832}.Debug|x86.ActiveCfg = Debug|Win32
		{C783064D-3B54-418C-9C06-13AF4048C832}.Debug|x86.Build.0 = Debug|Win32
		{C783064D-3B54-418C-9C06-13AF4048C832}.Release|x64.ActiveCfg = Release|x64
		{C783064D-3B54-418C-9C06-13AF4048C832}.Release|x64.Build.0 = Release|x64
		{C783064D-3B54-418C-9C06-13AF4048C832}.Release|x86.ActiveCfg = Release|Win32
		{C783064D-3B54-418C-9C06-13AF4048C832}.Release|x86.Build.0 = Release|Win32
		{B3966309-4028-4C9B-925E-92C921308071}.Debug|x64.ActiveCfg = Debug|x64
		{B3966309-4028-4C9B-925E-92C921308071}.Debug|x64.Build.0 = Debug|x64
		{B3966309-4028-4C9B-925E-92C921308071}.Debug|x86.ActiveCfg = Debug|Win32
		{B3966309-4028-4C9B-925E-92C921308071}.Debug|x86.Build.0 = Debug|Win32
		{B3966309-4028-4C9B-925E-92C921308071}.Release|x64.ActiveCfg = Release|x64
		{B3966309-4028-4C9B-925E-92C921308071}.Release|x64.Build.0 = Release|x64
		{B3966309-4028-4C9B-925E-92C921308071}.Release|x86.ActiveCfg = Release|Win32
		{B3966309-4028-4C9B-925E-92C921308071}.Release|x86.Build.0 = Release|Win32
		{2DFB3474-2D08-40A6-B5FE-E3767D57F402}.Debug|x64.ActiveCfg = Debug|x64
		{2DFB3474-2D08-40A6-B5FE-E3767D57F402}.Debug|x64.Build.0 = Debug|x64
		{2DFB3474-2D08-40A6-B5FE-E3767D57F402}.Debug|x86.ActiveCfg = Debug|Win32
		{2DFB3474-2D08-40A6-B5FE-E3767D57F402}.Debug|x86.Build.0 = Debug|Win32
		{2DFB3474-2D08-40A6-B5FE-E3767D57F402}.Release|x64.ActiveCfg = Release|x64
		{2DFB3474-2D08-40A6-B5FE-E3767D57F402}.Release|x64.Build.0 = Release|x64
		{2DFB3474-2D08-40A6-B5FE-E3767D57F402}.Release|x86.ActiveCfg = Release|Win32
		{2DFB3474-2D08-40A6-B5FE-E3767D57F402}.Release|x86.Build.0 = Release|Win32
		{08161236-9292-45BE-A234-02A7BE7ABEEA}.Debug|x64.ActiveCfg = Debug|x64
		{08161236-9292-45BE-A234-02A7BE7ABEEA}.Debug|x64.Build.0 = Debug|x64
		{08161236-9292-45BE-A234-02A7BE7ABEEA}.Debug|x86.ActiveCfg = Debug|Win32
		{08161236-9292-45BE-A234-02A7BE7ABEEA}.Debug|x86.Build.0 = Debug|Win32
		{08161236-9292-45BE-A234-02A7BE7ABEEA}.Release|x64.ActiveCfg = Release|x64
		{08161236-9292-45BE-A234-02A7BE7ABEEA}.Release|x64.Build.0 = Release|x64
		{08161236-9292-45BE-A234-02A7BE7ABEEA}.Release|x86.ActiveCfg = Release|Win32
		{08161236-9292-45BE-A234-02A7BE7ABEEA}.Release|x86.Build.0 = Release|Win32
		{396B0441-6444-4CC9-9C8E-C1068053D836}.Debug|x64.ActiveCfg = Debug|x64
		{396B0441-6444-4CC9-9C8E-C1068053D836}.Debug|x64.Build.0 = Debug|x64
		{396B0441-6444-4CC9-9C8E-C1068053D836}.Debug|x86.ActiveCfg = Debug|Win32
		{396B0441-6444-4CC9-9C8E-C1068053D836}.Debug|x86.Build.0 = Debug|Win32
		{396B0441-6444-4CC9-9C8E-C1068053D836}.Release|x64.ActiveCfg = Release|x64
		{396B0441-6444-4CC9-9C8E-C1068053D836}.Release|x64.Build.0 = Release|x64
		{396B0441-6444-4CC9-9C8E-C1068053D836}.Release|x86.ActiveCfg = Release|Win32
		{396B0441-6444-4CC9-9C8E-C1068053D836}.Release|x86.Build.0 = Release|Win32
		{AAF24920-E55E-4B8A-9F93-8072C004771B}.Debug|x64.ActiveCfg = Debug|x64
		{AAF24920-E55E-4B8A-9F93-8072C004771B}.Debug|x64.Build.0 = Debug|x64
		{AAF24920-E55E-4B8A-9F93-8072C004771B}.Debug|x86.ActiveCfg = Debug|Win32
		{AAF24920-E55E-4B8A-9F93-8072C004771B}.Debug|x86.Build.0 = Debug|Win32
		{AAF24920-E55E-4B8A-9F93-8072C004771B}.Release|x64.ActiveCfg = Release|x64
		{AAF24920-E55E-4B8A-9F93-8072C004771B}.Release|x64.Build.0 = Release|x64
		{AAF24920-E55E-4B8A-9F93-8072C004771B}.Release|x86.ActiveCfg = Release|Win32
		{AAF24920-E55E-4B8A-9F93-8072C004771B}.Release|x86.Build.0 = Release|Win32
	EndGlobalSection
	GlobalSection(SolutionProperties) = preSolution
		HideSolutionNode = FALSE
	EndGlobalSection
	GlobalSection(ExtensibilityGlobals) = postSolution
		SolutionGuid = {5FAD8459-F3D0-473E-B947-09FF0F680E70}
	EndGlobalSection
EndGlobal
