
Microsoft Visual Studio Solution File, Format Version 12.00
# Visual Studio Version 16
VisualStudioVersion = 16.0.30804.86
MinimumVisualStudioVersion = 10.0.40219.1
Project("{8BC9CEB8-8B4A-11D0-8D11-00A0C91BC942}") = "Palindrome", "Example.vcxproj", "{18760A76-B9A7-4349-8EBB-43A9ECB2C097}"
EndProject
Project("{2150E333-8FDC-42A3-9474-1A3956D46DE8}") = "NewFolder1", "NewFolder1", "{2EB6E58A-2F1B-4201-B6D2-ED832EA8341B}"
EndProject
Project("{8BC9CEB8-8B4A-11D0-8D11-00A0C91BC942}") = "Hangman", "..\Project2\Project2.vcxproj", "{5C20A5C2-F228-458B-9649-3337830318E6}"
EndProject
Project("{2150E333-8FDC-42A3-9474-1A3956D46DE8}") = "NewFolder2", "NewFolder2", "{C2E2AEEE-358D-466D-BB52-7BF94E6F6A2D}"
EndProject
Global
	GlobalSection(SolutionConfigurationPlatforms) = preSolution
		Debug|x64 = Debug|x64
		Debug|x86 = Debug|x86
		Release|x64 = Release|x64
		Release|x86 = Release|x86
	EndGlobalSection
	GlobalSection(ProjectConfigurationPlatforms) = postSolution
		{18760A76-B9A7-4349-8EBB-43A9ECB2C097}.Debug|x64.ActiveCfg = Debug|x64
		{18760A76-B9A7-4349-8EBB-43A9ECB2C097}.Debug|x64.Build.0 = Debug|x64
		{18760A76-B9A7-4349-8EBB-43A9ECB2C097}.Debug|x86.ActiveCfg = Debug|Win32
		{18760A76-B9A7-4349-8EBB-43A9ECB2C097}.Debug|x86.Build.0 = Debug|Win32
		{18760A76-B9A7-4349-8EBB-43A9ECB2C097}.Release|x64.ActiveCfg = Release|x64
		{18760A76-B9A7-4349-8EBB-43A9ECB2C097}.Release|x64.Build.0 = Release|x64
		{18760A76-B9A7-4349-8EBB-43A9ECB2C097}.Release|x86.ActiveCfg = Release|Win32
		{18760A76-B9A7-4349-8EBB-43A9ECB2C097}.Release|x86.Build.0 = Release|Win32
		{5C20A5C2-F228-458B-9649-3337830318E6}.Debug|x64.ActiveCfg = Debug|x64
		{5C20A5C2-F228-458B-9649-3337830318E6}.Debug|x64.Build.0 = Debug|x64
		{5C20A5C2-F228-458B-9649-3337830318E6}.Debug|x86.ActiveCfg = Debug|Win32
		{5C20A5C2-F228-458B-9649-3337830318E6}.Debug|x86.Build.0 = Debug|Win32
		{5C20A5C2-F228-458B-9649-3337830318E6}.Release|x64.ActiveCfg = Release|x64
		{5C20A5C2-F228-458B-9649-3337830318E6}.Release|x64.Build.0 = Release|x64
		{5C20A5C2-F228-458B-9649-3337830318E6}.Release|x86.ActiveCfg = Release|Win32
		{5C20A5C2-F228-458B-9649-3337830318E6}.Release|x86.Build.0 = Release|Win32
	EndGlobalSection
	GlobalSection(SolutionProperties) = preSolution
		HideSolutionNode = FALSE
	EndGlobalSection
	GlobalSection(NestedProjects) = preSolution
		{18760A76-B9A7-4349-8EBB-43A9ECB2C097} = {C2E2AEEE-358D-466D-BB52-7BF94E6F6A2D}
		{5C20A5C2-F228-458B-9649-3337830318E6} = {2EB6E58A-2F1B-4201-B6D2-ED832EA8341B}
	EndGlobalSection
	GlobalSection(ExtensibilityGlobals) = postSolution
		SolutionGuid = {5FAD8459-F3D0-473E-B947-09FF0F680E70}
	EndGlobalSection
EndGlobal
